
Microsoft Visual Studio Solution File, Format Version 12.00
# Visual Studio Version 17
VisualStudioVersion = 17.0.32014.148
MinimumVisualStudioVersion = 10.0.40219.1
Project("{FAE04EC0-301F-11D3-BF4B-00C04F79EFBC}") = "UnitTestDemo", "UnitTestDemo.csproj", "{6F75F9BB-8CEF-43B1-BD1B-7874329AFB07}"
EndProject
Project("{FAE04EC0-301F-11D3-BF4B-00C04F79EFBC}") = "NUnitTest", "..\NUnitTest\NUnitTest.csproj", "{EFC62DFB-5667-45CA-AE2A-2C2EA6AE9737}"
EndProject
Global
	GlobalSection(SolutionConfigurationPlatforms) = preSolution
		Debug|Any CPU = Debug|Any CPU
		Release|Any CPU = Release|Any CPU
	EndGlobalSection
	GlobalSection(ProjectConfigurationPlatforms) = postSolution
		{6F75F9BB-8CEF-43B1-BD1B-7874329AFB07}.Debug|Any CPU.ActiveCfg = Debug|Any CPU
		{6F75F9BB-8CEF-43B1-BD1B-7874329AFB07}.Debug|Any CPU.Build.0 = Debug|Any CPU
		{6F75F9BB-8CEF-43B1-BD1B-7874329AFB07}.Release|Any CPU.ActiveCfg = Release|Any CPU
		{6F75F9BB-8CEF-43B1-BD1B-7874329AFB07}.Release|Any CPU.Build.0 = Release|Any CPU
		{EFC62DFB-5667-45CA-AE2A-2C2EA6AE9737}.Debug|Any CPU.ActiveCfg = Debug|Any CPU
		{EFC62DFB-5667-45CA-AE2A-2C2EA6AE9737}.Debug|Any CPU.Build.0 = Debug|Any CPU
		{EFC62DFB-5667-45CA-AE2A-2C2EA6AE9737}.Release|Any CPU.ActiveCfg = Release|Any CPU
		{EFC62DFB-5667-45CA-AE2A-2C2EA6AE9737}.Release|Any CPU.Build.0 = Release|Any CPU
	EndGlobalSection
	GlobalSection(SolutionProperties) = preSolution
		HideSolutionNode = FALSE
	EndGlobalSection
	GlobalSection(ExtensibilityGlobals) = postSolution
		SolutionGuid = {F64AE6FF-D422-43C1-99D9-D59E2C173EA3}
	EndGlobalSection
EndGlobal
